
Microsoft Visual Studio Solution File, Format Version 12.00
# Visual Studio 15
VisualStudioVersion = 15.0.27703.2042
MinimumVisualStudioVersion = 10.0.40219.1
Project("{FAE04EC0-301F-11D3-BF4B-00C04F79EFBC}") = "ReinforcedConcreteFactoryView", "ReinforcedConcreteFactoryView\ReinforcedConcreteFactoryView.csproj", "{07726CAF-E981-489F-8F71-E0BCD79F0754}"
EndProject
Project("{FAE04EC0-301F-11D3-BF4B-00C04F79EFBC}") = "ReinforcedConcreteFactoryBusinessLogic", "ReinforcedConcreteFactoryBusinessLogic\ReinforcedConcreteFactoryBusinessLogic.csproj", "{DEAE19C7-E6AF-445A-85A3-F995A266D7B9}"
EndProject
Project("{FAE04EC0-301F-11D3-BF4B-00C04F79EFBC}") = "ReinforcedConcreteFactoryListImplement", "ReinforcedConcreteFactoryListImplement\ReinforcedConcreteFactoryListImplement.csproj", "{EE1E94A6-D477-4591-AFC4-A2BF8A55D095}"
EndProject
Project("{FAE04EC0-301F-11D3-BF4B-00C04F79EFBC}") = "ReinforcedConcreteFactoryFileImplement", "ReinforcedConcreteFactoryFileImplement\ReinforcedConcreteFactoryFileImplement.csproj", "{8998A873-8C6D-4A4C-84AE-6D925ADFEDFF}"
EndProject
Project("{FAE04EC0-301F-11D3-BF4B-00C04F79EFBC}") = "ReinforcedConcreteFactoryDatabaseImplement", "ReinforcedConcreteFactoryDatabaseImplement\ReinforcedConcreteFactoryDatabaseImplement.csproj", "{EA336514-FFB6-4909-BAC5-9DD9E824CA5E}"
EndProject
Global
	GlobalSection(SolutionConfigurationPlatforms) = preSolution
		Debug|Any CPU = Debug|Any CPU
		Release|Any CPU = Release|Any CPU
	EndGlobalSection
	GlobalSection(ProjectConfigurationPlatforms) = postSolution
		{07726CAF-E981-489F-8F71-E0BCD79F0754}.Debug|Any CPU.ActiveCfg = Debug|Any CPU
		{07726CAF-E981-489F-8F71-E0BCD79F0754}.Debug|Any CPU.Build.0 = Debug|Any CPU
		{07726CAF-E981-489F-8F71-E0BCD79F0754}.Release|Any CPU.ActiveCfg = Release|Any CPU
		{07726CAF-E981-489F-8F71-E0BCD79F0754}.Release|Any CPU.Build.0 = Release|Any CPU
		{DEAE19C7-E6AF-445A-85A3-F995A266D7B9}.Debug|Any CPU.ActiveCfg = Debug|Any CPU
		{DEAE19C7-E6AF-445A-85A3-F995A266D7B9}.Debug|Any CPU.Build.0 = Debug|Any CPU
		{DEAE19C7-E6AF-445A-85A3-F995A266D7B9}.Release|Any CPU.ActiveCfg = Release|Any CPU
		{DEAE19C7-E6AF-445A-85A3-F995A266D7B9}.Release|Any CPU.Build.0 = Release|Any CPU
		{EE1E94A6-D477-4591-AFC4-A2BF8A55D095}.Debug|Any CPU.ActiveCfg = Debug|Any CPU
		{EE1E94A6-D477-4591-AFC4-A2BF8A55D095}.Debug|Any CPU.Build.0 = Debug|Any CPU
		{EE1E94A6-D477-4591-AFC4-A2BF8A55D095}.Release|Any CPU.ActiveCfg = Release|Any CPU
		{EE1E94A6-D477-4591-AFC4-A2BF8A55D095}.Release|Any CPU.Build.0 = Release|Any CPU
		{8998A873-8C6D-4A4C-84AE-6D925ADFEDFF}.Debug|Any CPU.ActiveCfg = Debug|Any CPU
		{8998A873-8C6D-4A4C-84AE-6D925ADFEDFF}.Debug|Any CPU.Build.0 = Debug|Any CPU
		{8998A873-8C6D-4A4C-84AE-6D925ADFEDFF}.Release|Any CPU.ActiveCfg = Release|Any CPU
		{8998A873-8C6D-4A4C-84AE-6D925ADFEDFF}.Release|Any CPU.Build.0 = Release|Any CPU
		{EA336514-FFB6-4909-BAC5-9DD9E824CA5E}.Debug|Any CPU.ActiveCfg = Debug|Any CPU
		{EA336514-FFB6-4909-BAC5-9DD9E824CA5E}.Debug|Any CPU.Build.0 = Debug|Any CPU
		{EA336514-FFB6-4909-BAC5-9DD9E824CA5E}.Release|Any CPU.ActiveCfg = Release|Any CPU
		{EA336514-FFB6-4909-BAC5-9DD9E824CA5E}.Release|Any CPU.Build.0 = Release|Any CPU
	EndGlobalSection
	GlobalSection(SolutionProperties) = preSolution
		HideSolutionNode = FALSE
	EndGlobalSection
	GlobalSection(ExtensibilityGlobals) = postSolution
		SolutionGuid = {0F73C0DC-E74F-4FC1-A81C-F6F5CA4FCEDE}
	EndGlobalSection
EndGlobal
